{
  "name": "ethers-v5-to-v6",
  "version": "0.1.0",
  "lockfileVersion": 3,
  "requires": true,
  "packages": {
    "": {
      "name": "ethers-v5-to-v6",
      "version": "0.1.0",
      "devDependencies": {
        "@codemod.com/jssg-types": "latest",
        "typescript": "latest"
      }
    },
    "node_modules/@codemod.com/jssg-types": {
      "version": "1.6.0",
      "resolved": "https://registry.npmjs.org/@codemod.com/jssg-types/-/jssg-types-1.6.0.tgz",
      "integrity": "sha512-9b6rsL3RZJvOPJ+gUj1W0041mHF6eYwLt+wsa4zqxJWNsxLha0JvFyaQdcw5XfQ5Ldd+H/kV/yZ4dpN+hC9OXw==",
      "dev": true,
      "license": "Apache-2.0"
    },
    "node_modules/typescript": {
      "version": "6.0.3",
      "resolved": "https://registry.npmjs.org/typescript/-/typescript-6.0.3.tgz",
      "integrity": "sha512-y2TvuxSZPDyQakkFRPZHKFm+KKVqIisdg9/CZwm9ftvKXLP8NRWj38/ODjNbr43SsoXqNuAisEf1GdCxqWcdBw==",
      "dev": true,
      "license": "Apache-2.0",
      "bin": {
        "tsc": "bin/tsc",
        "tsserver": "bin/tsserver"
      },
      "engines": {
        "node": ">=14.17"
      }
    }
  }
}
